PODS:
  - Alamofire (4.7.3)
  - FBSnapshotTestCase (2.1.4):
    - FBSnapshotTestCase/SwiftSupport (= 2.1.4)
  - FBSnapshotTestCase/Core (2.1.4)
  - FBSnapshotTestCase/SwiftSupport (2.1.4):
    - FBSnapshotTestCase/Core
  - SDWebImage (4.4.2):
    - SDWebImage/Core (= 4.4.2)
  - SDWebImage/Core (4.4.2)
  - TableviewPaginator (0.1.0)

DEPENDENCIES:
  - Alamofire (~> 4.7.3)
  - FBSnapshotTestCase (~> 2.1.4)
  - SDWebImage (~> 4.4.2)
  - TableviewPaginator (from `../`)

SPEC REPOS:
  https://github.com/cocoapods/specs.git:
    - Alamofire
    - FBSnapshotTestCase
    - SDWebImage

EXTERNAL SOURCES:
  TableviewPaginator:
    :path: "../"

SPEC CHECKSUMS:
  Alamofire: c7287b6e5d7da964a70935e5db17046b7fde6568
  FBSnapshotTestCase: 094f9f314decbabe373b87cc339bea235a63e07a
  SDWebImage: 624d6e296c69b244bcede364c72ae0430ac14681
  TableviewPaginator: bf9987e041569660df0459026fd1ecb8d92c21f3

PODFILE CHECKSUM: 1d03478c1abf41372ad807e3f8819ed0e729931e

COCOAPODS: 1.5.3
